
Microsoft Visual Studio Solution File, Format Version 12.00
# Visual Studio Version 16
VisualStudioVersion = 16.0.31205.134
MinimumVisualStudioVersion = 10.0.40219.1
Project("{FAE04EC0-301F-11D3-BF4B-00C04F79EFBC}") = "Contoso.Suggestions.UI.UWP", "Contoso.Suggestions.UI.UWP\Contoso.Suggestions.UI.UWP.csproj", "{CE348072-4516-4B68-A2AC-6E05FF4AA6CC}"
EndProject
Project("{FAE04EC0-301F-11D3-BF4B-00C04F79EFBC}") = "Contoso.Suggestions.UI.Android", "Contoso.Suggestions.UI.Android\Contoso.Suggestions.UI.Android.csproj", "{9502884E-2520-4A7D-9988-42F37E9281FB}"
EndProject
Project("{FAE04EC0-301F-11D3-BF4B-00C04F79EFBC}") = "Contoso.Suggestions.UI.iOS", "Contoso.Suggestions.UI.iOS\Contoso.Suggestions.UI.iOS.csproj", "{6BA0EFD2-C84A-45E6-A517-0B63ED779559}"
EndProject
Project("{9A19103F-16F7-4668-BE54-9A1E7A4F7556}") = "Contoso.Suggestions.UI", "Contoso.Suggestions.UI\Contoso.Suggestions.UI.csproj", "{B97BFCBC-F817-4914-905B-1922DA440FB5}"
EndProject
Project("{9A19103F-16F7-4668-BE54-9A1E7A4F7556}") = "Contoso.Suggestions.Core", "Contoso.Suggestions.Core\Contoso.Suggestions.Core.csproj", "{5C686392-D342-468E-8E59-5E3348609EEC}"
EndProject
Global
	GlobalSection(SolutionConfigurationPlatforms) = preSolution
		Debug|Any CPU = Debug|Any CPU
		Debug|ARM = Debug|ARM
		Debug|iPhone = Debug|iPhone
		Debug|iPhoneSimulator = Debug|iPhoneSimulator
		Debug|x64 = Debug|x64
		Debug|x86 = Debug|x86
		Release|Any CPU = Release|Any CPU
		Release|ARM = Release|ARM
		Release|iPhone = Release|iPhone
		Release|iPhoneSimulator = Release|iPhoneSimulator
		Release|x64 = Release|x64
		Release|x86 = Release|x86
	EndGlobalSection
	GlobalSection(ProjectConfigurationPlatforms) = postSolution
		{CE348072-4516-4B68-A2AC-6E05FF4AA6CC}.Debug|Any CPU.ActiveCfg = Debug|x86
		{CE348072-4516-4B68-A2AC-6E05FF4AA6CC}.Debug|Any CPU.Build.0 = Debug|x86
		{CE348072-4516-4B68-A2AC-6E05FF4AA6CC}.Debug|Any CPU.Deploy.0 = Debug|x86
		{CE348072-4516-4B68-A2AC-6E05FF4AA6CC}.Debug|ARM.ActiveCfg = Debug|ARM
		{CE348072-4516-4B68-A2AC-6E05FF4AA6CC}.Debug|ARM.Build.0 = Debug|ARM
		{CE348072-4516-4B68-A2AC-6E05FF4AA6CC}.Debug|ARM.Deploy.0 = Debug|ARM
		{CE348072-4516-4B68-A2AC-6E05FF4AA6CC}.Debug|iPhone.ActiveCfg = Debug|x86
		{CE348072-4516-4B68-A2AC-6E05FF4AA6CC}.Debug|iPhone.Build.0 = Debug|x86
		{CE348072-4516-4B68-A2AC-6E05FF4AA6CC}.Debug|iPhone.Deploy.0 = Debug|x86
		{CE348072-4516-4B68-A2AC-6E05FF4AA6CC}.Debug|iPhoneSimulator.ActiveCfg = Debug|x86
		{CE348072-4516-4B68-A2AC-6E05FF4AA6CC}.Debug|iPhoneSimulator.Build.0 = Debug|x86
		{CE348072-4516-4B68-A2AC-6E05FF4AA6CC}.Debug|iPhoneSimulator.Deploy.0 = Debug|x86
		{CE348072-4516-4B68-A2AC-6E05FF4AA6CC}.Debug|x64.ActiveCfg = Debug|x64
		{CE348072-4516-4B68-A2AC-6E05FF4AA6CC}.Debug|x64.Build.0 = Debug|x64
		{CE348072-4516-4B68-A2AC-6E05FF4AA6CC}.Debug|x64.Deploy.0 = Debug|x64
		{CE348072-4516-4B68-A2AC-6E05FF4AA6CC}.Debug|x86.ActiveCfg = Debug|x86
		{CE348072-4516-4B68-A2AC-6E05FF4AA6CC}.Debug|x86.Build.0 = Debug|x86
		{CE348072-4516-4B68-A2AC-6E05FF4AA6CC}.Debug|x86.Deploy.0 = Debug|x86
		{CE348072-4516-4B68-A2AC-6E05FF4AA6CC}.Release|Any CPU.ActiveCfg = Release|x86
		{CE348072-4516-4B68-A2AC-6E05FF4AA6CC}.Release|Any CPU.Build.0 = Release|x86
		{CE348072-4516-4B68-A2AC-6E05FF4AA6CC}.Release|Any CPU.Deploy.0 = Release|x86
		{CE348072-4516-4B68-A2AC-6E05FF4AA6CC}.Release|ARM.ActiveCfg = Release|ARM
		{CE348072-4516-4B68-A2AC-6E05FF4AA6CC}.Release|ARM.Build.0 = Release|ARM
		{CE348072-4516-4B68-A2AC-6E05FF4AA6CC}.Release|ARM.Deploy.0 = Release|ARM
		{CE348072-4516-4B68-A2AC-6E05FF4AA6CC}.Release|iPhone.ActiveCfg = Release|x86
		{CE348072-4516-4B68-A2AC-6E05FF4AA6CC}.Release|iPhone.Build.0 = Release|x86
		{CE348072-4516-4B68-A2AC-6E05FF4AA6CC}.Release|iPhone.Deploy.0 = Release|x86
		{CE348072-4516-4B68-A2AC-6E05FF4AA6CC}.Release|iPhoneSimulator.ActiveCfg = Release|x86
		{CE348072-4516-4B68-A2AC-6E05FF4AA6CC}.Release|iPhoneSimulator.Build.0 = Release|x86
		{CE348072-4516-4B68-A2AC-6E05FF4AA6CC}.Release|iPhoneSimulator.Deploy.0 = Release|x86
		{CE348072-4516-4B68-A2AC-6E05FF4AA6CC}.Release|x64.ActiveCfg = Release|x64
		{CE348072-4516-4B68-A2AC-6E05FF4AA6CC}.Release|x64.Build.0 = Release|x64
		{CE348072-4516-4B68-A2AC-6E05FF4AA6CC}.Release|x64.Deploy.0 = Release|x64
		{CE348072-4516-4B68-A2AC-6E05FF4AA6CC}.Release|x86.ActiveCfg = Release|x86
		{CE348072-4516-4B68-A2AC-6E05FF4AA6CC}.Release|x86.Build.0 = Release|x86
		{CE348072-4516-4B68-A2AC-6E05FF4AA6CC}.Release|x86.Deploy.0 = Release|x86
		{9502884E-2520-4A7D-9988-42F37E9281FB}.Debug|Any CPU.ActiveCfg = Debug|Any CPU
		{9502884E-2520-4A7D-9988-42F37E9281FB}.Debug|Any CPU.Build.0 = Debug|Any CPU
		{9502884E-2520-4A7D-9988-42F37E9281FB}.Debug|Any CPU.Deploy.0 = Debug|Any CPU
		{9502884E-2520-4A7D-9988-42F37E9281FB}.Debug|ARM.ActiveCfg = Debug|Any CPU
		{9502884E-2520-4A7D-9988-42F37E9281FB}.Debug|ARM.Build.0 = Debug|Any CPU
		{9502884E-2520-4A7D-9988-42F37E9281FB}.Debug|ARM.Deploy.0 = Debug|Any CPU
		{9502884E-2520-4A7D-9988-42F37E9281FB}.Debug|iPhone.ActiveCfg = Debug|Any CPU
		{9502884E-2520-4A7D-9988-42F37E9281FB}.Debug|iPhone.Build.0 = Debug|Any CPU
		{9502884E-2520-4A7D-9988-42F37E9281FB}.Debug|iPhone.Deploy.0 = Debug|Any CPU
		{9502884E-2520-4A7D-9988-42F37E9281FB}.Debug|iPhoneSimulator.ActiveCfg = Debug|Any CPU
		{9502884E-2520-4A7D-9988-42F37E9281FB}.Debug|iPhoneSimulator.Build.0 = Debug|Any CPU
		{9502884E-2520-4A7D-9988-42F37E9281FB}.Debug|iPhoneSimulator.Deploy.0 = Debug|Any CPU
		{9502884E-2520-4A7D-9988-42F37E9281FB}.Debug|x64.ActiveCfg = Debug|Any CPU
		{9502884E-2520-4A7D-9988-42F37E9281FB}.Debug|x64.Build.0 = Debug|Any CPU
		{9502884E-2520-4A7D-9988-42F37E9281FB}.Debug|x64.Deploy.0 = Debug|Any CPU
		{9502884E-2520-4A7D-9988-42F37E9281FB}.Debug|x86.ActiveCfg = Debug|Any CPU
		{9502884E-2520-4A7D-9988-42F37E9281FB}.Debug|x86.Build.0 = Debug|Any CPU
		{9502884E-2520-4A7D-9988-42F37E9281FB}.Debug|x86.Deploy.0 = Debug|Any CPU
		{9502884E-2520-4A7D-9988-42F37E9281FB}.Release|Any CPU.ActiveCfg = Release|Any CPU
		{9502884E-2520-4A7D-9988-42F37E9281FB}.Release|Any CPU.Build.0 = Release|Any CPU
		{9502884E-2520-4A7D-9988-42F37E9281FB}.Release|Any CPU.Deploy.0 = Release|Any CPU
		{9502884E-2520-4A7D-9988-42F37E9281FB}.Release|ARM.ActiveCfg = Release|Any CPU
		{9502884E-2520-4A7D-9988-42F37E9281FB}.Release|ARM.Build.0 = Release|Any CPU
		{9502884E-2520-4A7D-9988-42F37E9281FB}.Release|ARM.Deploy.0 = Release|Any CPU
		{9502884E-2520-4A7D-9988-42F37E9281FB}.Release|iPhone.ActiveCfg = Release|Any CPU
		{9502884E-2520-4A7D-9988-42F37E9281FB}.Release|iPhone.Build.0 = Release|Any CPU
		{9502884E-2520-4A7D-9988-42F37E9281FB}.Release|iPhone.Deploy.0 = Release|Any CPU
		{9502884E-2520-4A7D-9988-42F37E9281FB}.Release|iPhoneSimulator.ActiveCfg = Release|Any CPU
		{9502884E-2520-4A7D-9988-42F37E9281FB}.Release|iPhoneSimulator.Build.0 = Release|Any CPU
		{9502884E-2520-4A7D-9988-42F37E9281FB}.Release|iPhoneSimulator.Deploy.0 = Release|Any CPU
		{9502884E-2520-4A7D-9988-42F37E9281FB}.Release|x64.ActiveCfg = Release|Any CPU
		{9502884E-2520-4A7D-9988-42F37E9281FB}.Release|x64.Build.0 = Release|Any CPU
		{9502884E-2520-4A7D-9988-42F37E9281FB}.Release|x64.Deploy.0 = Release|Any CPU
		{9502884E-2520-4A7D-9988-42F37E9281FB}.Release|x86.ActiveCfg = Release|Any CPU
		{9502884E-2520-4A7D-9988-42F37E9281FB}.Release|x86.Build.0 = Release|Any CPU
		{9502884E-2520-4A7D-9988-42F37E9281FB}.Release|x86.Deploy.0 = Release|Any CPU
		{6BA0EFD2-C84A-45E6-A517-0B63ED779559}.Debug|Any CPU.ActiveCfg = Debug|iPhoneSimulator
		{6BA0EFD2-C84A-45E6-A517-0B63ED779559}.Debug|Any CPU.Build.0 = Debug|iPhoneSimulator
		{6BA0EFD2-C84A-45E6-A517-0B63ED779559}.Debug|Any CPU.Deploy.0 = Debug|iPhoneSimulator
		{6BA0EFD2-C84A-45E6-A517-0B63ED779559}.Debug|ARM.ActiveCfg = Debug|iPhone
		{6BA0EFD2-C84A-45E6-A517-0B63ED779559}.Debug|ARM.Build.0 = Debug|iPhone
		{6BA0EFD2-C84A-45E6-A517-0B63ED779559}.Debug|ARM.Deploy.0 = Debug|iPhone
		{6BA0EFD2-C84A-45E6-A517-0B63ED779559}.Debug|iPhone.ActiveCfg = Debug|iPhone
		{6BA0EFD2-C84A-45E6-A517-0B63ED779559}.Debug|iPhone.Build.0 = Debug|iPhone
		{6BA0EFD2-C84A-45E6-A517-0B63ED779559}.Debug|iPhone.Deploy.0 = Debug|iPhone
		{6BA0EFD2-C84A-45E6-A517-0B63ED779559}.Debug|iPhoneSimulator.ActiveCfg = Debug|iPhoneSimulator
		{6BA0EFD2-C84A-45E6-A517-0B63ED779559}.Debug|iPhoneSimulator.Build.0 = Debug|iPhoneSimulator
		{6BA0EFD2-C84A-45E6-A517-0B63ED779559}.Debug|iPhoneSimulator.Deploy.0 = Debug|iPhoneSimulator
		{6BA0EFD2-C84A-45E6-A517-0B63ED779559}.Debug|x64.ActiveCfg = Debug|iPhoneSimulator
		{6BA0EFD2-C84A-45E6-A517-0B63ED779559}.Debug|x64.Build.0 = Debug|iPhoneSimulator
		{6BA0EFD2-C84A-45E6-A517-0B63ED779559}.Debug|x64.Deploy.0 = Debug|iPhoneSimulator
		{6BA0EFD2-C84A-45E6-A517-0B63ED779559}.Debug|x86.ActiveCfg = Debug|iPhoneSimulator
		{6BA0EFD2-C84A-45E6-A517-0B63ED779559}.Debug|x86.Build.0 = Debug|iPhoneSimulator
		{6BA0EFD2-C84A-45E6-A517-0B63ED779559}.Debug|x86.Deploy.0 = Debug|iPhoneSimulator
		{6BA0EFD2-C84A-45E6-A517-0B63ED779559}.Release|Any CPU.ActiveCfg = Release|iPhoneSimulator
		{6BA0EFD2-C84A-45E6-A517-0B63ED779559}.Release|Any CPU.Build.0 = Release|iPhoneSimulator
		{6BA0EFD2-C84A-45E6-A517-0B63ED779559}.Release|Any CPU.Deploy.0 = Release|iPhoneSimulator
		{6BA0EFD2-C84A-45E6-A517-0B63ED779559}.Release|ARM.ActiveCfg = Release|iPhoneSimulator
		{6BA0EFD2-C84A-45E6-A517-0B63ED779559}.Release|ARM.Build.0 = Release|iPhoneSimulator
		{6BA0EFD2-C84A-45E6-A517-0B63ED779559}.Release|ARM.Deploy.0 = Release|iPhoneSimulator
		{6BA0EFD2-C84A-45E6-A517-0B63ED779559}.Release|iPhone.ActiveCfg = Release|iPhone
		{6BA0EFD2-C84A-45E6-A517-0B63ED779559}.Release|iPhone.Build.0 = Release|iPhone
		{6BA0EFD2-C84A-45E6-A517-0B63ED779559}.Release|iPhone.Deploy.0 = Release|iPhone
		{6BA0EFD2-C84A-45E6-A517-0B63ED779559}.Release|iPhoneSimulator.ActiveCfg = Release|iPhoneSimulator
		{6BA0EFD2-C84A-45E6-A517-0B63ED779559}.Release|iPhoneSimulator.Build.0 = Release|iPhoneSimulator
		{6BA0EFD2-C84A-45E6-A517-0B63ED779559}.Release|iPhoneSimulator.Deploy.0 = Release|iPhoneSimulator
		{6BA0EFD2-C84A-45E6-A517-0B63ED779559}.Release|x64.ActiveCfg = Release|iPhoneSimulator
		{6BA0EFD2-C84A-45E6-A517-0B63ED779559}.Release|x64.Build.0 = Release|iPhoneSimulator
		{6BA0EFD2-C84A-45E6-A517-0B63ED779559}.Release|x64.Deploy.0 = Release|iPhoneSimulator
		{6BA0EFD2-C84A-45E6-A517-0B63ED779559}.Release|x86.ActiveCfg = Release|iPhoneSimulator
		{6BA0EFD2-C84A-45E6-A517-0B63ED779559}.Release|x86.Build.0 = Release|iPhoneSimulator
		{6BA0EFD2-C84A-45E6-A517-0B63ED779559}.Release|x86.Deploy.0 = Release|iPhoneSimulator
		{B97BFCBC-F817-4914-905B-1922DA440FB5}.Debug|Any CPU.ActiveCfg = Debug|Any CPU
		{B97BFCBC-F817-4914-905B-1922DA440FB5}.Debug|Any CPU.Build.0 = Debug|Any CPU
		{B97BFCBC-F817-4914-905B-1922DA440FB5}.Debug|Any CPU.Deploy.0 = Debug|Any CPU
		{B97BFCBC-F817-4914-905B-1922DA440FB5}.Debug|ARM.ActiveCfg = Debug|Any CPU
		{B97BFCBC-F817-4914-905B-1922DA440FB5}.Debug|ARM.Build.0 = Debug|Any CPU
		{B97BFCBC-F817-4914-905B-1922DA440FB5}.Debug|ARM.Deploy.0 = Debug|Any CPU
		{B97BFCBC-F817-4914-905B-1922DA440FB5}.Debug|iPhone.ActiveCfg = Debug|Any CPU
		{B97BFCBC-F817-4914-905B-1922DA440FB5}.Debug|iPhone.Build.0 = Debug|Any CPU
		{B97BFCBC-F817-4914-905B-1922DA440FB5}.Debug|iPhone.Deploy.0 = Debug|Any CPU
		{B97BFCBC-F817-4914-905B-1922DA440FB5}.Debug|iPhoneSimulator.ActiveCfg = Debug|Any CPU
		{B97BFCBC-F817-4914-905B-1922DA440FB5}.Debug|iPhoneSimulator.Build.0 = Debug|Any CPU
		{B97BFCBC-F817-4914-905B-1922DA440FB5}.Debug|iPhoneSimulator.Deploy.0 = Debug|Any CPU
		{B97BFCBC-F817-4914-905B-1922DA440FB5}.Debug|x64.ActiveCfg = Debug|Any CPU
		{B97BFCBC-F817-4914-905B-1922DA440FB5}.Debug|x64.Build.0 = Debug|Any CPU
		{B97BFCBC-F817-4914-905B-1922DA440FB5}.Debug|x64.Deploy.0 = Debug|Any CPU
		{B97BFCBC-F817-4914-905B-1922DA440FB5}.Debug|x86.ActiveCfg = Debug|Any CPU
		{B97BFCBC-F817-4914-905B-1922DA440FB5}.Debug|x86.Build.0 = Debug|Any CPU
		{B97BFCBC-F817-4914-905B-1922DA440FB5}.Debug|x86.Deploy.0 = Debug|Any CPU
		{B97BFCBC-F817-4914-905B-1922DA440FB5}.Release|Any CPU.ActiveCfg = Release|Any CPU
		{B97BFCBC-F817-4914-905B-1922DA440FB5}.Release|Any CPU.Build.0 = Release|Any CPU
		{B97BFCBC-F817-4914-905B-1922DA440FB5}.Release|Any CPU.Deploy.0 = Release|Any CPU
		{B97BFCBC-F817-4914-905B-1922DA440FB5}.Release|ARM.ActiveCfg = Release|Any CPU
		{B97BFCBC-F817-4914-905B-1922DA440FB5}.Release|ARM.Build.0 = Release|Any CPU
		{B97BFCBC-F817-4914-905B-1922DA440FB5}.Release|ARM.Deploy.0 = Release|Any CPU
		{B97BFCBC-F817-4914-905B-1922DA440FB5}.Release|iPhone.ActiveCfg = Release|Any CPU
		{B97BFCBC-F817-4914-905B-1922DA440FB5}.Release|iPhone.Build.0 = Release|Any CPU
		{B97BFCBC-F817-4914-905B-1922DA440FB5}.Release|iPhone.Deploy.0 = Release|Any CPU
		{B97BFCBC-F817-4914-905B-1922DA440FB5}.Release|iPhoneSimulator.ActiveCfg = Release|Any CPU
		{B97BFCBC-F817-4914-905B-1922DA440FB5}.Release|iPhoneSimulator.Build.0 = Release|Any CPU
		{B97BFCBC-F817-4914-905B-1922DA440FB5}.Release|iPhoneSimulator.Deploy.0 = Release|Any CPU
		{B97BFCBC-F817-4914-905B-1922DA440FB5}.Release|x64.ActiveCfg = Release|Any CPU
		{B97BFCBC-F817-4914-905B-1922DA440FB5}.Release|x64.Build.0 = Release|Any CPU
		{B97BFCBC-F817-4914-905B-1922DA440FB5}.Release|x64.Deploy.0 = Release|Any CPU
		{B97BFCBC-F817-4914-905B-1922DA440FB5}.Release|x86.ActiveCfg = Release|Any CPU
		{B97BFCBC-F817-4914-905B-1922DA440FB5}.Release|x86.Build.0 = Release|Any CPU
		{B97BFCBC-F817-4914-905B-1922DA440FB5}.Release|x86.Deploy.0 = Release|Any CPU
		{5C686392-D342-468E-8E59-5E3348609EEC}.Debug|Any CPU.ActiveCfg = Debug|Any CPU
		{5C686392-D342-468E-8E59-5E3348609EEC}.Debug|Any CPU.Build.0 = Debug|Any CPU
		{5C686392-D342-468E-8E59-5E3348609EEC}.Debug|ARM.ActiveCfg = Debug|Any CPU
		{5C686392-D342-468E-8E59-5E3348609EEC}.Debug|ARM.Build.0 = Debug|Any CPU
		{5C686392-D342-468E-8E59-5E3348609EEC}.Debug|iPhone.ActiveCfg = Debug|Any CPU
		{5C686392-D342-468E-8E59-5E3348609EEC}.Debug|iPhone.Build.0 = Debug|Any CPU
		{5C686392-D342-468E-8E59-5E3348609EEC}.Debug|iPhoneSimulator.ActiveCfg = Debug|Any CPU
		{5C686392-D342-468E-8E59-5E3348609EEC}.Debug|iPhoneSimulator.Build.0 = Debug|Any CPU
		{5C686392-D342-468E-8E59-5E3348609EEC}.Debug|x64.ActiveCfg = Debug|Any CPU
		{5C686392-D342-468E-8E59-5E3348609EEC}.Debug|x64.Build.0 = Debug|Any CPU
		{5C686392-D342-468E-8E59-5E3348609EEC}.Debug|x86.ActiveCfg = Debug|Any CPU
		{5C686392-D342-468E-8E59-5E3348609EEC}.Debug|x86.Build.0 = Debug|Any CPU
		{5C686392-D342-468E-8E59-5E3348609EEC}.Release|Any CPU.ActiveCfg = Release|Any CPU
		{5C686392-D342-468E-8E59-5E3348609EEC}.Release|Any CPU.Build.0 = Release|Any CPU
		{5C686392-D342-468E-8E59-5E3348609EEC}.Release|ARM.ActiveCfg = Release|Any CPU
		{5C686392-D342-468E-8E59-5E3348609EEC}.Release|ARM.Build.0 = Release|Any CPU
		{5C686392-D342-468E-8E59-5E3348609EEC}.Release|iPhone.ActiveCfg = Release|Any CPU
		{5C686392-D342-468E-8E59-5E3348609EEC}.Release|iPhone.Build.0 = Release|Any CPU
		{5C686392-D342-468E-8E59-5E3348609EEC}.Release|iPhoneSimulator.ActiveCfg = Release|Any CPU
		{5C686392-D342-468E-8E59-5E3348609EEC}.Release|iPhoneSimulator.Build.0 = Release|Any CPU
		{5C686392-D342-468E-8E59-5E3348609EEC}.Release|x64.ActiveCfg = Release|Any CPU
		{5C686392-D342-468E-8E59-5E3348609EEC}.Release|x64.Build.0 = Release|Any CPU
		{5C686392-D342-468E-8E59-5E3348609EEC}.Release|x86.ActiveCfg = Release|Any CPU
		{5C686392-D342-468E-8E59-5E3348609EEC}.Release|x86.Build.0 = Release|Any CPU
	EndGlobalSection
	GlobalSection(SolutionProperties) = preSolution
		HideSolutionNode = FALSE
	EndGlobalSection
	GlobalSection(ExtensibilityGlobals) = postSolution
		SolutionGuid = {94F1D601-D04B-4E41-97B7-5A5EDF1CD817}
	EndGlobalSection
EndGlobal
